
Microsoft Visual Studio Solution File, Format Version 12.00
# Visual Studio Version 17
VisualStudioVersion = 17.12.35728.132 d17.12
MinimumVisualStudioVersion = 10.0.40219.1
Project("{FAE04EC0-301F-11D3-BF4B-00C04F79EFBC}") = "SP25_PRN231", "SP25_PRN231\SP25_PRN231.csproj", "{FA1EF298-44E5-4656-91FC-937796DB3DE8}"
EndProject
Project("{FAE04EC0-301F-11D3-BF4B-00C04F79EFBC}") = "DataLayer", "DataLayer\DataLayer.csproj", "{47790734-2236-471A-B7B8-0B098B3C271A}"
EndProject
Project("{FAE04EC0-301F-11D3-BF4B-00C04F79EFBC}") = "BusinessLayer", "BusinessLayer\BusinessLayer.csproj", "{A677D2CE-AC7D-4C8C-9CF0-EC1D66FB9D86}"
EndProject
Global
	GlobalSection(SolutionConfigurationPlatforms) = preSolution
		Debug|Any CPU = Debug|Any CPU
		Release|Any CPU = Release|Any CPU
	EndGlobalSection
	GlobalSection(ProjectConfigurationPlatforms) = postSolution
		{FA1EF298-44E5-4656-91FC-937796DB3DE8}.Debug|Any CPU.ActiveCfg = Debug|Any CPU
		{FA1EF298-44E5-4656-91FC-937796DB3DE8}.Debug|Any CPU.Build.0 = Debug|Any CPU
		{FA1EF298-44E5-4656-91FC-937796DB3DE8}.Release|Any CPU.ActiveCfg = Release|Any CPU
		{FA1EF298-44E5-4656-91FC-937796DB3DE8}.Release|Any CPU.Build.0 = Release|Any CPU
		{47790734-2236-471A-B7B8-0B098B3C271A}.Debug|Any CPU.ActiveCfg = Debug|Any CPU
		{47790734-2236-471A-B7B8-0B098B3C271A}.Debug|Any CPU.Build.0 = Debug|Any CPU
		{47790734-2236-471A-B7B8-0B098B3C271A}.Release|Any CPU.ActiveCfg = Release|Any CPU
		{47790734-2236-471A-B7B8-0B098B3C271A}.Release|Any CPU.Build.0 = Release|Any CPU
		{A677D2CE-AC7D-4C8C-9CF0-EC1D66FB9D86}.Debug|Any CPU.ActiveCfg = Debug|Any CPU
		{A677D2CE-AC7D-4C8C-9CF0-EC1D66FB9D86}.Debug|Any CPU.Build.0 = Debug|Any CPU
		{A677D2CE-AC7D-4C8C-9CF0-EC1D66FB9D86}.Release|Any CPU.ActiveCfg = Release|Any CPU
		{A677D2CE-AC7D-4C8C-9CF0-EC1D66FB9D86}.Release|Any CPU.Build.0 = Release|Any CPU
	EndGlobalSection
	GlobalSection(SolutionProperties) = preSolution
		HideSolutionNode = FALSE
	EndGlobalSection
EndGlobal
